
Microsoft Visual Studio Solution File, Format Version 12.00
# Visual Studio Version 16
VisualStudioVersion = 16.0.29326.143
MinimumVisualStudioVersion = 10.0.40219.1
Project("{FAE04EC0-301F-11D3-BF4B-00C04F79EFBC}") = "ECommerce", "ECommerce\ECommerce.csproj", "{959E7AEA-A579-4716-A9AA-42AA569E156D}"
EndProject
Global
	GlobalSection(SolutionConfigurationPlatforms) = preSolution
		Debug|Any CPU = Debug|Any CPU
		Release|Any CPU = Release|Any CPU
	EndGlobalSection
	GlobalSection(ProjectConfigurationPlatforms) = postSolution
		{959E7AEA-A579-4716-A9AA-42AA569E156D}.Debug|Any CPU.ActiveCfg = Debug|Any CPU
		{959E7AEA-A579-4716-A9AA-42AA569E156D}.Debug|Any CPU.Build.0 = Debug|Any CPU
		{959E7AEA-A579-4716-A9AA-42AA569E156D}.Release|Any CPU.ActiveCfg = Release|Any CPU
		{959E7AEA-A579-4716-A9AA-42AA569E156D}.Release|Any CPU.Build.0 = Release|Any CPU
	EndGlobalSection
	GlobalSection(SolutionProperties) = preSolution
		HideSolutionNode = FALSE
	EndGlobalSection
	GlobalSection(ExtensibilityGlobals) = postSolution
		SolutionGuid = {599D64F3-66D1-4669-A371-3CBCA7F47CC5}
	EndGlobalSection
EndGlobal
